
Microsoft Visual Studio Solution File, Format Version 12.00
# Visual Studio Version 16
VisualStudioVersion = 16.0.29326.143
MinimumVisualStudioVersion = 15.0.26124.0
Project("{2150E333-8FDC-42A3-9474-1A3956D46DE8}") = "1 - Application", "1 - Application", "{2134B068-0609-424A-9888-2CCD3BE1045D}"
EndProject
Project("{2150E333-8FDC-42A3-9474-1A3956D46DE8}") = "3 - Domain", "3 - Domain", "{608F3F0C-4FBE-43C3-951E-D6F8C5EECC15}"
EndProject
Project("{2150E333-8FDC-42A3-9474-1A3956D46DE8}") = "2 - Service", "2 - Service", "{AE0D8152-103C-491D-8586-D04A17365318}"
EndProject
Project("{2150E333-8FDC-42A3-9474-1A3956D46DE8}") = "4 - Infrastruct", "4 - Infrastruct", "{D63AADBB-5172-435B-8B2C-A730E17E5BEA}"
EndProject
Project("{2150E333-8FDC-42A3-9474-1A3956D46DE8}") = "4.1 - Data", "4.1 - Data", "{7206C681-CE3C-47BC-AF08-F2EFC126748E}"
EndProject
Project("{2150E333-8FDC-42A3-9474-1A3956D46DE8}") = "4.2 - Crosscutting", "4.2 - Crosscutting", "{9C3F7C74-AC69-4C15-90EF-097CE6725EFA}"
EndProject
Project("{FAE04EC0-301F-11D3-BF4B-00C04F79EFBC}") = "User.App", "User.App\User.App.csproj", "{BCCA0E0A-E1ED-425B-A267-49692DEAAACF}"
EndProject
Project("{FAE04EC0-301F-11D3-BF4B-00C04F79EFBC}") = "User.Domain", "User.Domain\User.Domain.csproj", "{58F44E93-2516-4081-A000-CEB1F519B51C}"
EndProject
Global
	GlobalSection(SolutionConfigurationPlatforms) = preSolution
		Debug|Any CPU = Debug|Any CPU
		Release|Any CPU = Release|Any CPU
	EndGlobalSection
	GlobalSection(ProjectConfigurationPlatforms) = postSolution
		{BCCA0E0A-E1ED-425B-A267-49692DEAAACF}.Debug|Any CPU.ActiveCfg = Debug|Any CPU
		{BCCA0E0A-E1ED-425B-A267-49692DEAAACF}.Debug|Any CPU.Build.0 = Debug|Any CPU
		{BCCA0E0A-E1ED-425B-A267-49692DEAAACF}.Release|Any CPU.ActiveCfg = Release|Any CPU
		{BCCA0E0A-E1ED-425B-A267-49692DEAAACF}.Release|Any CPU.Build.0 = Release|Any CPU
		{58F44E93-2516-4081-A000-CEB1F519B51C}.Debug|Any CPU.ActiveCfg = Debug|Any CPU
		{58F44E93-2516-4081-A000-CEB1F519B51C}.Debug|Any CPU.Build.0 = Debug|Any CPU
		{58F44E93-2516-4081-A000-CEB1F519B51C}.Release|Any CPU.ActiveCfg = Release|Any CPU
		{58F44E93-2516-4081-A000-CEB1F519B51C}.Release|Any CPU.Build.0 = Release|Any CPU
	EndGlobalSection
	GlobalSection(SolutionProperties) = preSolution
		HideSolutionNode = FALSE
	EndGlobalSection
	GlobalSection(NestedProjects) = preSolution
		{7206C681-CE3C-47BC-AF08-F2EFC126748E} = {D63AADBB-5172-435B-8B2C-A730E17E5BEA}
		{9C3F7C74-AC69-4C15-90EF-097CE6725EFA} = {D63AADBB-5172-435B-8B2C-A730E17E5BEA}
		{BCCA0E0A-E1ED-425B-A267-49692DEAAACF} = {2134B068-0609-424A-9888-2CCD3BE1045D}
		{58F44E93-2516-4081-A000-CEB1F519B51C} = {608F3F0C-4FBE-43C3-951E-D6F8C5EECC15}
	EndGlobalSection
	GlobalSection(ExtensibilityGlobals) = postSolution
		SolutionGuid = {AA00D8C5-0D05-494D-AA47-86A99467551B}
	EndGlobalSection
EndGlobal
